// !$*UTF8*$!
{
	archiveVersion = 1;
	classes = {
	};
	objectVersion = 50;
	objects = {

/* Begin PBXBuildFile section */
		B771527321C45A2F0051AA39 /* AppDelegate.swift in Sources */ = {isa = PBXBuildFile; fileRef = B771527221C45A2F0051AA39 /* AppDelegate.swift */; };
		B771527521C45A2F0051AA39 /* ViewController.swift in Sources */ = {isa = PBXBuildFile; fileRef = B771527421C45A2F0051AA39 /* ViewController.swift */; };
		B771527821C45A2F0051AA39 /* Main.storyboard in Resources */ = {isa = PBXBuildFile; fileRef = B771527621C45A2F0051AA39 /* Main.storyboard */; };
		B771527A21C45A310051AA39 /* Assets.xcassets in Resources */ = {isa = PBXBuildFile; fileRef = B771527921C45A310051AA39 /* Assets.xcassets */; };
		B771527D21C45A310051AA39 /* LaunchScreen.storyboard in Resources */ = {isa = PBXBuildFile; fileRef = B771527B21C45A310051AA39 /* LaunchScreen.storyboard */; };
		B771528D21C45BEB0051AA39 /* 5.png in Resources */ = {isa = PBXBuildFile; fileRef = B771528521C45BEB0051AA39 /* 5.png */; };
		B771528F21C45BEB0051AA39 /* 6.png in Resources */ = {isa = PBXBuildFile; fileRef = B771528721C45BEB0051AA39 /* 6.png */; };
		B771529121C45BEB0051AA39 /* 3.png in Resources */ = {isa = PBXBuildFile; fileRef = B771528921C45BEB0051AA39 /* 3.png */; };
		B771529221C45BEB0051AA39 /* 4.png in Resources */ = {isa = PBXBuildFile; fileRef = B771528A21C45BEB0051AA39 /* 4.png */; };
		B771529321C45BEB0051AA39 /* 2.png in Resources */ = {isa = PBXBuildFile; fileRef = B771528B21C45BEB0051AA39 /* 2.png */; };
		B771529421C45BEB0051AA39 /* 1.png in Resources */ = {isa = PBXBuildFile; fileRef = B771528C21C45BEB0051AA39 /* 1.png */; };
/* End PBXBuildFile section */

/* Begin PBXFileReference section */
		B771526F21C45A2F0051AA39 /* Zar.app */ = {isa = PBXFileReference; explicitFileType = wrapper.application; includeInIndex = 0; path = Zar.app; sourceTree = BUILT_PRODUCTS_DIR; };
		B771527221C45A2F0051AA39 /* AppDelegate.swift */ = {isa = PBXFileReference; lastKnownFileType = sourcecode.swift; path = AppDelegate.swift; sourceTree = "<group>"; };
		B771527421C45A2F0051AA39 /* ViewController.swift */ = {isa = PBXFileReference; lastKnownFileType = sourcecode.swift; path = ViewController.swift; sourceTree = "<group>"; };
		B771527721C45A2F0051AA39 /* Base */ = {isa = PBXFileReference; lastKnownFileType = file.storyboard; name = Base; path = Base.lproj/Main.storyboard; sourceTree = "<group>"; };
		B771527921C45A310051AA39 /* Assets.xcassets */ = {isa = PBXFileReference; lastKnownFileType = folder.assetcatalog; path = Assets.xcassets; sourceTree = "<group>"; };
		B771527C21C45A310051AA39 /* Base */ = {isa = PBXFileReference; lastKnownFileType = file.storyboard; name = Base; path = Base.lproj/LaunchScreen.storyboard; sourceTree = "<group>"; };
		B771527E21C45A310051AA39 /* Info.plist */ = {isa = PBXFileReference; lastKnownFileType = text.plist.xml; path = Info.plist; sourceTree = "<group>"; };
		B771528521C45BEB0051AA39 /* 5.png */ = {isa = PBXFileReference; lastKnownFileType = image.png; path = 5.png; sourceTree = "<group>"; };
		B771528721C45BEB0051AA39 /* 6.png */ = {isa = PBXFileReference; lastKnownFileType = image.png; path = 6.png; sourceTree = "<group>"; };
		B771528921C45BEB0051AA39 /* 3.png */ = {isa = PBXFileReference; lastKnownFileType = image.png; path = 3.png; sourceTree = "<group>"; };
		B771528A21C45BEB0051AA39 /* 4.png */ = {isa = PBXFileReference; lastKnownFileType = image.png; path = 4.png; sourceTree = "<group>"; };
		B771528B21C45BEB0051AA39 /* 2.png */ = {isa = PBXFileReference; lastKnownFileType = image.png; path = 2.png; sourceTree = "<group>"; };
		B771528C21C45BEB0051AA39 /* 1.png */ = {isa = PBXFileReference; lastKnownFileType = image.png; path = 1.png; sourceTree = "<group>"; };
/* End PBXFileReference section */

/* Begin PBXFrameworksBuildPhase section */
		B771526C21C45A2F0051AA39 /* Frameworks */ = {
			isa = PBXFrameworksBuildPhase;
			buildActionMask = 2147483647;
			files = (
			);
			runOnlyForDeploymentPostprocessing = 0;
		};
/* End PBXFrameworksBuildPhase section */

/* Begin PBXGroup section */
		B771526621C45A2F0051AA39 = {
			isa = PBXGroup;
			children = (
				B771527121C45A2F0051AA39 /* Zar */,
				B771527021C45A2F0051AA39 /* Products */,
			);
			sourceTree = "<group>";
		};
		B771527021C45A2F0051AA39 /* Products */ = {
			isa = PBXGroup;
			children = (
				B771526F21C45A2F0051AA39 /* Zar.app */,
			);
			name = Products;
			sourceTree = "<group>";
		};
		B771527121C45A2F0051AA39 /* Zar */ = {
			isa = PBXGroup;
			children = (
				B771527221C45A2F0051AA39 /* AppDelegate.swift */,
				B771527421C45A2F0051AA39 /* ViewController.swift */,
				B771527621C45A2F0051AA39 /* Main.storyboard */,
				B771527921C45A310051AA39 /* Assets.xcassets */,
				B771528421C45BEB0051AA39 /* resimler */,
				B771527B21C45A310051AA39 /* LaunchScreen.storyboard */,
				B771527E21C45A310051AA39 /* Info.plist */,
			);
			path = Zar;
			sourceTree = "<group>";
		};
		B771528421C45BEB0051AA39 /* resimler */ = {
			isa = PBXGroup;
			children = (
				B771528721C45BEB0051AA39 /* 6.png */,
				B771528521C45BEB0051AA39 /* 5.png */,
				B771528921C45BEB0051AA39 /* 3.png */,
				B771528A21C45BEB0051AA39 /* 4.png */,
				B771528B21C45BEB0051AA39 /* 2.png */,
				B771528C21C45BEB0051AA39 /* 1.png */,
			);
			path = resimler;
			sourceTree = "<group>";
		};
/* End PBXGroup section */

/* Begin PBXNativeTarget section */
		B771526E21C45A2F0051AA39 /* Zar */ = {
			isa = PBXNativeTarget;
			buildConfigurationList = B771528121C45A310051AA39 /* Build configuration list for PBXNativeTarget "Zar" */;
			buildPhases = (
				B771526B21C45A2F0051AA39 /* Sources */,
				B771526C21C45A2F0051AA39 /* Frameworks */,
				B771526D21C45A2F0051AA39 /* Resources */,
			);
			buildRules = (
			);
			dependencies = (
			);
			name = Zar;
			productName = Zar;
			productReference = B771526F21C45A2F0051AA39 /* Zar.app */;
			productType = "com.apple.product-type.application";
		};
/* End PBXNativeTarget section */

/* Begin PBXProject section */
		B771526721C45A2F0051AA39 /* Project object */ = {
			isa = PBXProject;
			attributes = {
				LastSwiftUpdateCheck = 1010;
				LastUpgradeCheck = 1010;
				ORGANIZATIONNAME = "CAN Soft";
				TargetAttributes = {
					B771526E21C45A2F0051AA39 = {
						CreatedOnToolsVersion = 10.1;
					};
				};
			};
			buildConfigurationList = B771526A21C45A2F0051AA39 /* Build configuration list for PBXProject "Zar" */;
			compatibilityVersion = "Xcode 9.3";
			developmentRegion = en;
			hasScannedForEncodings = 0;
			knownRegions = (
				en,
				Base,
			);
			mainGroup = B771526621C45A2F0051AA39;
			productRefGroup = B771527021C45A2F0051AA39 /* Products */;
			projectDirPath = "";
			projectRoot = "";
			targets = (
				B771526E21C45A2F0051AA39 /* Zar */,
			);
		};
/* End PBXProject section */

/* Begin PBXResourcesBuildPhase section */
		B771526D21C45A2F0051AA39 /* Resources */ = {
			isa = PBXResourcesBuildPhase;
			buildActionMask = 2147483647;
			files = (
				B771529421C45BEB0051AA39 /* 1.png in Resources */,
				B771528D21C45BEB0051AA39 /* 5.png in Resources */,
				B771527D21C45A310051AA39 /* LaunchScreen.storyboard in Resources */,
				B771529121C45BEB0051AA39 /* 3.png in Resources */,
				B771529221C45BEB0051AA39 /* 4.png in Resources */,
				B771528F21C45BEB0051AA39 /* 6.png in Resources */,
				B771527A21C45A310051AA39 /* Assets.xcassets in Resources */,
				B771527821C45A2F0051AA39 /* Main.storyboard in Resources */,
				B771529321C45BEB0051AA39 /* 2.png in Resources */,
			);
			runOnlyForDeploymentPostprocessing = 0;
		};
/* End PBXResourcesBuildPhase section */

/* Begin PBXSourcesBuildPhase section */
		B771526B21C45A2F0051AA39 /* Sources */ = {
			isa = PBXSourcesBuildPhase;
			buildActionMask = 2147483647;
			files = (
				B771527521C45A2F0051AA39 /* ViewController.swift in Sources */,
				B771527321C45A2F0051AA39 /* AppDelegate.swift in Sources */,
			);
			runOnlyForDeploymentPostprocessing = 0;
		};
/* End PBXSourcesBuildPhase section */

/* Begin PBXVariantGroup section */
		B771527621C45A2F0051AA39 /* Main.storyboard */ = {
			isa = PBXVariantGroup;
			children = (
				B771527721C45A2F0051AA39 /* Base */,
			);
			name = Main.storyboard;
			sourceTree = "<group>";
		};
		B771527B21C45A310051AA39 /* LaunchScreen.storyboard */ = {
			isa = PBXVariantGroup;
			children = (
				B771527C21C45A310051AA39 /* Base */,
			);
			name = LaunchScreen.storyboard;
			sourceTree = "<group>";
		};
/* End PBXVariantGroup section */

/* Begin XCBuildConfiguration section */
		B771527F21C45A310051AA39 /* Debug */ = {
			isa = XCBuildConfiguration;
			buildSettings = {
				ALWAYS_SEARCH_USER_PATHS = NO;
				CLANG_ANALYZER_NONNULL = YES;
				CLANG_ANALYZER_NUMBER_OBJECT_CONVERSION = YES_AGGRESSIVE;
				CLANG_CXX_LANGUAGE_STANDARD = "gnu++14";
				CLANG_CXX_LIBRARY = "libc++";
				CLANG_ENABLE_MODULES = YES;
				CLANG_ENABLE_OBJC_ARC = YES;
				CLANG_ENABLE_OBJC_WEAK = YES;
				CLANG_WARN_BLOCK_CAPTURE_AUTORELEASING = YES;
				CLANG_WARN_BOOL_CONVERSION = YES;
				CLANG_WARN_COMMA = YES;
				CLANG_WARN_CONSTANT_CONVERSION = YES;
				CLANG_WARN_DEPRECATED_OBJC_IMPLEMENTATIONS = YES;
				CLANG_WARN_DIRECT_OBJC_ISA_USAGE = YES_ERROR;
				CLANG_WARN_DOCUMENTATION_COMMENTS = YES;
				CLANG_WARN_EMPTY_BODY = YES;
				CLANG_WARN_ENUM_CONVERSION = YES;
				CLANG_WARN_INFINITE_RECURSION = YES;
				CLANG_WARN_INT_CONVERSION = YES;
				CLANG_WARN_NON_LITERAL_NULL_CONVERSION = YES;
				CLANG_WARN_OBJC_IMPLICIT_RETAIN_SELF = YES;
				CLANG_WARN_OBJC_LITERAL_CONVERSION = YES;
				CLANG_WARN_OBJC_ROOT_CLASS = YES_ERROR;
				CLANG_WARN_RANGE_LOOP_ANALYSIS = YES;
				CLANG_WARN_STRICT_PROTOTYPES = YES;
				CLANG_WARN_SUSPICIOUS_MOVE = YES;
				CLANG_WARN_UNGUARDED_AVAILABILITY = YES_AGGRESSIVE;
				CLANG_WARN_UNREACHABLE_CODE = YES;
				CLANG_WARN__DUPLICATE_METHOD_MATCH = YES;
				CODE_SIGN_IDENTITY = "iPhone Developer";
				COPY_PHASE_STRIP = NO;
				DEBUG_INFORMATION_FORMAT = dwarf;
				ENABLE_STRICT_OBJC_MSGSEND = YES;
				ENABLE_TESTABILITY = YES;
				GCC_C_LANGUAGE_STANDARD = gnu11;
				GCC_DYNAMIC_NO_PIC = NO;
				GCC_NO_COMMON_BLOCKS = YES;
				GCC_OPTIMIZATION_LEVEL = 0;
				GCC_PREPROCESSOR_DEFINITIONS = (
					"DEBUG=1",
					"$(inherited)",
				);
				GCC_WARN_64_TO_32_BIT_CONVERSION = YES;
				GCC_WARN_ABOUT_RETURN_TYPE = YES_ERROR;
				GCC_WARN_UNDECLARED_SELECTOR = YES;
				GCC_WARN_UNINITIALIZED_AUTOS = YES_AGGRESSIVE;
				GCC_WARN_UNUSED_FUNCTION = YES;
				GCC_WARN_UNUSED_VARIABLE = YES;
				IPHONEOS_DEPLOYMENT_TARGET = 12.1;
				MTL_ENABLE_DEBUG_INFO = INCLUDE_SOURCE;
				MTL_FAST_MATH = YES;
				ONLY_ACTIVE_ARCH = YES;
				SDKROOT = iphoneos;
				SWIFT_ACTIVE_COMPILATION_CONDITIONS = DEBUG;
				SWIFT_OPTIMIZATION_LEVEL = "-Onone";
			};
			name = Debug;
		};
		B771528021C45A310051AA39 /* Release */ = {
			isa = XCBuildConfiguration;
			buildSettings = {
				ALWAYS_SEARCH_USER_PATHS = NO;
				CLANG_ANALYZER_NONNULL = YES;
				CLANG_ANALYZER_NUMBER_OBJECT_CONVERSION = YES_AGGRESSIVE;
				CLANG_CXX_LANGUAGE_STANDARD = "gnu++14";
				CLANG_CXX_LIBRARY = "libc++";
				CLANG_ENABLE_MODULES = YES;
				CLANG_ENABLE_OBJC_ARC = YES;
				CLANG_ENABLE_OBJC_WEAK = YES;
				CLANG_WARN_BLOCK_CAPTURE_AUTORELEASING = YES;
				CLANG_WARN_BOOL_CONVERSION = YES;
				CLANG_WARN_COMMA = YES;
				CLANG_WARN_CONSTANT_CONVERSION = YES;
				CLANG_WARN_DEPRECATED_OBJC_IMPLEMENTATIONS = YES;
				CLANG_WARN_DIRECT_OBJC_ISA_USAGE = YES_ERROR;
				CLANG_WARN_DOCUMENTATION_COMMENTS = YES;
				CLANG_WARN_EMPTY_BODY = YES;
				CLANG_WARN_ENUM_CONVERSION = YES;
				CLANG_WARN_INFINITE_RECURSION = YES;
				CLANG_WARN_INT_CONVERSION = YES;
				CLANG_WARN_NON_LITERAL_NULL_CONVERSION = YES;
				CLANG_WARN_OBJC_IMPLICIT_RETAIN_SELF = YES;
				CLANG_WARN_OBJC_LITERAL_CONVERSION = YES;
				CLANG_WARN_OBJC_ROOT_CLASS = YES_ERROR;
				CLANG_WARN_RANGE_LOOP_ANALYSIS = YES;
				CLANG_WARN_STRICT_PROTOTYPES = YES;
				CLANG_WARN_SUSPICIOUS_MOVE = YES;
				CLANG_WARN_UNGUARDED_AVAILABILITY = YES_AGGRESSIVE;
				CLANG_WARN_UNREACHABLE_CODE = YES;
				CLANG_WARN__DUPLICATE_METHOD_MATCH = YES;
				CODE_SIGN_IDENTITY = "iPhone Developer";
				COPY_PHASE_STRIP = NO;
				DEBUG_INFORMATION_FORMAT = "dwarf-with-dsym";
				ENABLE_NS_ASSERTIONS = NO;
				ENABLE_STRICT_OBJC_MSGSEND = YES;
				GCC_C_LANGUAGE_STANDARD = gnu11;
				GCC_NO_COMMON_BLOCKS = YES;
				GCC_WARN_64_TO_32_BIT_CONVERSION = YES;
				GCC_WARN_ABOUT_RETURN_TYPE = YES_ERROR;
				GCC_WARN_UNDECLARED_SELECTOR = YES;
				GCC_WARN_UNINITIALIZED_AUTOS = YES_AGGRESSIVE;
				GCC_WARN_UNUSED_FUNCTION = YES;
				GCC_WARN_UNUSED_VARIABLE = YES;
				IPHONEOS_DEPLOYMENT_TARGET = 12.1;
				MTL_ENABLE_DEBUG_INFO = NO;
				MTL_FAST_MATH = YES;
				SDKROOT = iphoneos;
				SWIFT_COMPILATION_MODE = wholemodule;
				SWIFT_OPTIMIZATION_LEVEL = "-O";
				VALIDATE_PRODUCT = YES;
			};
			name = Release;
		};
		B771528221C45A310051AA39 /* Debug */ = {
			isa = XCBuildConfiguration;
			buildSettings = {
				ASSETCATALOG_COMPILER_APPICON_NAME = AppIcon;
				CODE_SIGN_STYLE = Automatic;
				DEVELOPMENT_TEAM = VJVB5DZ59D;
				INFOPLIST_FILE = Zar/Info.plist;
				LD_RUNPATH_SEARCH_PATHS = (
					"$(inherited)",
					"@executable_path/Frameworks",
				);
				PRODUCT_BUNDLE_IDENTIFIER = com.aydincan77.Zar;
				PRODUCT_NAME = "$(TARGET_NAME)";
				SWIFT_VERSION = 4.2;
				TARGETED_DEVICE_FAMILY = "1,2";
			};
			name = Debug;
		};
		B771528321C45A310051AA39 /* Release */ = {
			isa = XCBuildConfiguration;
			buildSettings = {
				ASSETCATALOG_COMPILER_APPICON_NAME = AppIcon;
				CODE_SIGN_STYLE = Automatic;
				DEVELOPMENT_TEAM = VJVB5DZ59D;
				INFOPLIST_FILE = Zar/Info.plist;
				LD_RUNPATH_SEARCH_PATHS = (
					"$(inherited)",
					"@executable_path/Frameworks",
				);
				PRODUCT_BUNDLE_IDENTIFIER = com.aydincan77.Zar;
				PRODUCT_NAME = "$(TARGET_NAME)";
				SWIFT_VERSION = 4.2;
				TARGETED_DEVICE_FAMILY = "1,2";
			};
			name = Release;
		};
/* End XCBuildConfiguration section */

/* Begin XCConfigurationList section */
		B771526A21C45A2F0051AA39 /* Build configuration list for PBXProject "Zar" */ = {
			isa = XCConfigurationList;
			buildConfigurations = (
				B771527F21C45A310051AA39 /* Debug */,
				B771528021C45A310051AA39 /* Release */,
			);
			defaultConfigurationIsVisible = 0;
			defaultConfigurationName = Release;
		};
		B771528121C45A310051AA39 /* Build configuration list for PBXNativeTarget "Zar" */ = {
			isa = XCConfigurationList;
			buildConfigurations = (
				B771528221C45A310051AA39 /* Debug */,
				B771528321C45A310051AA39 /* Release */,
			);
			defaultConfigurationIsVisible = 0;
			defaultConfigurationName = Release;
		};
/* End XCConfigurationList section */
	};
	rootObject = B771526721C45A2F0051AA39 /* Project object */;
}
